
Microsoft Visual Studio Solution File, Format Version 12.00
# Visual Studio 15
VisualStudioVersion = 15.0.27428.2002
MinimumVisualStudioVersion = 10.0.40219.1
Project("{888888A0-9F3D-457C-B088-3A5042F75D52}") = "Clash Royale Helper", "Clash Royale Helper\Clash Royale Helper.pyproj", "{DDFA9291-578B-4455-B45E-0D03270E1D6A}"
EndProject
Global
	GlobalSection(SolutionConfigurationPlatforms) = preSolution
		Debug|Any CPU = Debug|Any CPU
		Release|Any CPU = Release|Any CPU
	EndGlobalSection
	GlobalSection(ProjectConfigurationPlatforms) = postSolution
		{DDFA9291-578B-4455-B45E-0D03270E1D6A}.Debug|Any CPU.ActiveCfg = Debug|Any CPU
		{DDFA9291-578B-4455-B45E-0D03270E1D6A}.Release|Any CPU.ActiveCfg = Release|Any CPU
	EndGlobalSection
	GlobalSection(SolutionProperties) = preSolution
		HideSolutionNode = FALSE
	EndGlobalSection
	GlobalSection(ExtensibilityGlobals) = postSolution
		SolutionGuid = {30E62C77-CE05-4787-8AC4-DA7D246561A4}
	EndGlobalSection
EndGlobal
